
Microsoft Visual Studio Solution File, Format Version 12.00
# Visual Studio 15
VisualStudioVersion = 15.0.27703.2026
MinimumVisualStudioVersion = 10.0.40219.1
Project("{FAE04EC0-301F-11D3-BF4B-00C04F79EFBC}") = "App2.Android", "App2\App2.Android\App2.Android.csproj", "{EE7541B8-AF97-42D0-90A2-A5FFF170B219}"
EndProject
Project("{FAE04EC0-301F-11D3-BF4B-00C04F79EFBC}") = "App2.iOS", "App2\App2.iOS\App2.iOS.csproj", "{681EAFCA-5E0E-43E3-9626-BC344C008136}"
EndProject
Project("{FAE04EC0-301F-11D3-BF4B-00C04F79EFBC}") = "App2.UWP", "App2\App2.UWP\App2.UWP.csproj", "{EA4F1C5E-44FC-42FA-A586-45D5E7BA8FBE}"
EndProject
Project("{FAE04EC0-301F-11D3-BF4B-00C04F79EFBC}") = "App2", "App2\App2\App2.csproj", "{4B9ECA05-71F8-468C-8E83-34530127EE9C}"
EndProject
Global
	GlobalSection(SolutionConfigurationPlatforms) = preSolution
		Ad-Hoc|Any CPU = Ad-Hoc|Any CPU
		Ad-Hoc|ARM = Ad-Hoc|ARM
		Ad-Hoc|iPhone = Ad-Hoc|iPhone
		Ad-Hoc|iPhoneSimulator = Ad-Hoc|iPhoneSimulator
		Ad-Hoc|x64 = Ad-Hoc|x64
		Ad-Hoc|x86 = Ad-Hoc|x86
		AppStore|Any CPU = AppStore|Any CPU
		AppStore|ARM = AppStore|ARM
		AppStore|iPhone = AppStore|iPhone
		AppStore|iPhoneSimulator = AppStore|iPhoneSimulator
		AppStore|x64 = AppStore|x64
		AppStore|x86 = AppStore|x86
		Debug|Any CPU = Debug|Any CPU
		Debug|ARM = Debug|ARM
		Debug|iPhone = Debug|iPhone
		Debug|iPhoneSimulator = Debug|iPhoneSimulator
		Debug|x64 = Debug|x64
		Debug|x86 = Debug|x86
		Release|Any CPU = Release|Any CPU
		Release|ARM = Release|ARM
		Release|iPhone = Release|iPhone
		Release|iPhoneSimulator = Release|iPhoneSimulator
		Release|x64 = Release|x64
		Release|x86 = Release|x86
	EndGlobalSection
	GlobalSection(ProjectConfigurationPlatforms) = postSolution
		{EE7541B8-AF97-42D0-90A2-A5FFF170B219}.Ad-Hoc|Any CPU.ActiveCfg = Release|Any CPU
		{EE7541B8-AF97-42D0-90A2-A5FFF170B219}.Ad-Hoc|Any CPU.Build.0 = Release|Any CPU
		{EE7541B8-AF97-42D0-90A2-A5FFF170B219}.Ad-Hoc|Any CPU.Deploy.0 = Release|Any CPU
		{EE7541B8-AF97-42D0-90A2-A5FFF170B219}.Ad-Hoc|ARM.ActiveCfg = Release|Any CPU
		{EE7541B8-AF97-42D0-90A2-A5FFF170B219}.Ad-Hoc|ARM.Build.0 = Release|Any CPU
		{EE7541B8-AF97-42D0-90A2-A5FFF170B219}.Ad-Hoc|ARM.Deploy.0 = Release|Any CPU
		{EE7541B8-AF97-42D0-90A2-A5FFF170B219}.Ad-Hoc|iPhone.ActiveCfg = Release|Any CPU
		{EE7541B8-AF97-42D0-90A2-A5FFF170B219}.Ad-Hoc|iPhone.Build.0 = Release|Any CPU
		{EE7541B8-AF97-42D0-90A2-A5FFF170B219}.Ad-Hoc|iPhone.Deploy.0 = Release|Any CPU
		{EE7541B8-AF97-42D0-90A2-A5FFF170B219}.Ad-Hoc|iPhoneSimulator.ActiveCfg = Release|Any CPU
		{EE7541B8-AF97-42D0-90A2-A5FFF170B219}.Ad-Hoc|iPhoneSimulator.Build.0 = Release|Any CPU
		{EE7541B8-AF97-42D0-90A2-A5FFF170B219}.Ad-Hoc|iPhoneSimulator.Deploy.0 = Release|Any CPU
		{EE7541B8-AF97-42D0-90A2-A5FFF170B219}.Ad-Hoc|x64.ActiveCfg = Release|Any CPU
		{EE7541B8-AF97-42D0-90A2-A5FFF170B219}.Ad-Hoc|x64.Build.0 = Release|Any CPU
		{EE7541B8-AF97-42D0-90A2-A5FFF170B219}.Ad-Hoc|x64.Deploy.0 = Release|Any CPU
		{EE7541B8-AF97-42D0-90A2-A5FFF170B219}.Ad-Hoc|x86.ActiveCfg = Release|Any CPU
		{EE7541B8-AF97-42D0-90A2-A5FFF170B219}.Ad-Hoc|x86.Build.0 = Release|Any CPU
		{EE7541B8-AF97-42D0-90A2-A5FFF170B219}.Ad-Hoc|x86.Deploy.0 = Release|Any CPU
		{EE7541B8-AF97-42D0-90A2-A5FFF170B219}.AppStore|Any CPU.ActiveCfg = Release|Any CPU
		{EE7541B8-AF97-42D0-90A2-A5FFF170B219}.AppStore|Any CPU.Build.0 = Release|Any CPU
		{EE7541B8-AF97-42D0-90A2-A5FFF170B219}.AppStore|Any CPU.Deploy.0 = Release|Any CPU
		{EE7541B8-AF97-42D0-90A2-A5FFF170B219}.AppStore|ARM.ActiveCfg = Release|Any CPU
		{EE7541B8-AF97-42D0-90A2-A5FFF170B219}.AppStore|ARM.Build.0 = Release|Any CPU
		{EE7541B8-AF97-42D0-90A2-A5FFF170B219}.AppStore|ARM.Deploy.0 = Release|Any CPU
		{EE7541B8-AF97-42D0-90A2-A5FFF170B219}.AppStore|iPhone.ActiveCfg = Release|Any CPU
		{EE7541B8-AF97-42D0-90A2-A5FFF170B219}.AppStore|iPhone.Build.0 = Release|Any CPU
		{EE7541B8-AF97-42D0-90A2-A5FFF170B219}.AppStore|iPhone.Deploy.0 = Release|Any CPU
		{EE7541B8-AF97-42D0-90A2-A5FFF170B219}.AppStore|iPhoneSimulator.ActiveCfg = Release|Any CPU
		{EE7541B8-AF97-42D0-90A2-A5FFF170B219}.AppStore|iPhoneSimulator.Build.0 = Release|Any CPU
		{EE7541B8-AF97-42D0-90A2-A5FFF170B219}.AppStore|iPhoneSimulator.Deploy.0 = Release|Any CPU
		{EE7541B8-AF97-42D0-90A2-A5FFF170B219}.AppStore|x64.ActiveCfg = Release|Any CPU
		{EE7541B8-AF97-42D0-90A2-A5FFF170B219}.AppStore|x64.Build.0 = Release|Any CPU
		{EE7541B8-AF97-42D0-90A2-A5FFF170B219}.AppStore|x64.Deploy.0 = Release|Any CPU
		{EE7541B8-AF97-42D0-90A2-A5FFF170B219}.AppStore|x86.ActiveCfg = Release|Any CPU
		{EE7541B8-AF97-42D0-90A2-A5FFF170B219}.AppStore|x86.Build.0 = Release|Any CPU
		{EE7541B8-AF97-42D0-90A2-A5FFF170B219}.AppStore|x86.Deploy.0 = Release|Any CPU
		{EE7541B8-AF97-42D0-90A2-A5FFF170B219}.Debug|Any CPU.ActiveCfg = Debug|Any CPU
		{EE7541B8-AF97-42D0-90A2-A5FFF170B219}.Debug|Any CPU.Build.0 = Debug|Any CPU
		{EE7541B8-AF97-42D0-90A2-A5FFF170B219}.Debug|Any CPU.Deploy.0 = Debug|Any CPU
		{EE7541B8-AF97-42D0-90A2-A5FFF170B219}.Debug|ARM.ActiveCfg = Debug|Any CPU
		{EE7541B8-AF97-42D0-90A2-A5FFF170B219}.Debug|ARM.Build.0 = Debug|Any CPU
		{EE7541B8-AF97-42D0-90A2-A5FFF170B219}.Debug|ARM.Deploy.0 = Debug|Any CPU
		{EE7541B8-AF97-42D0-90A2-A5FFF170B219}.Debug|iPhone.ActiveCfg = Debug|Any CPU
		{EE7541B8-AF97-42D0-90A2-A5FFF170B219}.Debug|iPhone.Build.0 = Debug|Any CPU
		{EE7541B8-AF97-42D0-90A2-A5FFF170B219}.Debug|iPhone.Deploy.0 = Debug|Any CPU
		{EE7541B8-AF97-42D0-90A2-A5FFF170B219}.Debug|iPhoneSimulator.ActiveCfg = Debug|Any CPU
		{EE7541B8-AF97-42D0-90A2-A5FFF170B219}.Debug|iPhoneSimulator.Build.0 = Debug|Any CPU
		{EE7541B8-AF97-42D0-90A2-A5FFF170B219}.Debug|iPhoneSimulator.Deploy.0 = Debug|Any CPU
		{EE7541B8-AF97-42D0-90A2-A5FFF170B219}.Debug|x64.ActiveCfg = Debug|Any CPU
		{EE7541B8-AF97-42D0-90A2-A5FFF170B219}.Debug|x64.Build.0 = Debug|Any CPU
		{EE7541B8-AF97-42D0-90A2-A5FFF170B219}.Debug|x64.Deploy.0 = Debug|Any CPU
		{EE7541B8-AF97-42D0-90A2-A5FFF170B219}.Debug|x86.ActiveCfg = Debug|Any CPU
		{EE7541B8-AF97-42D0-90A2-A5FFF170B219}.Debug|x86.Build.0 = Debug|Any CPU
		{EE7541B8-AF97-42D0-90A2-A5FFF170B219}.Debug|x86.Deploy.0 = Debug|Any CPU
		{EE7541B8-AF97-42D0-90A2-A5FFF170B219}.Release|Any CPU.ActiveCfg = Release|Any CPU
		{EE7541B8-AF97-42D0-90A2-A5FFF170B219}.Release|Any CPU.Build.0 = Release|Any CPU
		{EE7541B8-AF97-42D0-90A2-A5FFF170B219}.Release|Any CPU.Deploy.0 = Release|Any CPU
		{EE7541B8-AF97-42D0-90A2-A5FFF170B219}.Release|ARM.ActiveCfg = Release|Any CPU
		{EE7541B8-AF97-42D0-90A2-A5FFF170B219}.Release|ARM.Build.0 = Release|Any CPU
		{EE7541B8-AF97-42D0-90A2-A5FFF170B219}.Release|ARM.Deploy.0 = Release|Any CPU
		{EE7541B8-AF97-42D0-90A2-A5FFF170B219}.Release|iPhone.ActiveCfg = Release|Any CPU
		{EE7541B8-AF97-42D0-90A2-A5FFF170B219}.Release|iPhone.Build.0 = Release|Any CPU
		{EE7541B8-AF97-42D0-90A2-A5FFF170B219}.Release|iPhone.Deploy.0 = Release|Any CPU
		{EE7541B8-AF97-42D0-90A2-A5FFF170B219}.Release|iPhoneSimulator.ActiveCfg = Release|Any CPU
		{EE7541B8-AF97-42D0-90A2-A5FFF170B219}.Release|iPhoneSimulator.Build.0 = Release|Any CPU
		{EE7541B8-AF97-42D0-90A2-A5FFF170B219}.Release|iPhoneSimulator.Deploy.0 = Release|Any CPU
		{EE7541B8-AF97-42D0-90A2-A5FFF170B219}.Release|x64.ActiveCfg = Release|Any CPU
		{EE7541B8-AF97-42D0-90A2-A5FFF170B219}.Release|x64.Build.0 = Release|Any CPU
		{EE7541B8-AF97-42D0-90A2-A5FFF170B219}.Release|x64.Deploy.0 = Release|Any CPU
		{EE7541B8-AF97-42D0-90A2-A5FFF170B219}.Release|x86.ActiveCfg = Release|Any CPU
		{EE7541B8-AF97-42D0-90A2-A5FFF170B219}.Release|x86.Build.0 = Release|Any CPU
		{EE7541B8-AF97-42D0-90A2-A5FFF170B219}.Release|x86.Deploy.0 = Release|Any CPU
		{681EAFCA-5E0E-43E3-9626-BC344C008136}.Ad-Hoc|Any CPU.ActiveCfg = Ad-Hoc|iPhone
		{681EAFCA-5E0E-43E3-9626-BC344C008136}.Ad-Hoc|Any CPU.Build.0 = Ad-Hoc|iPhone
		{681EAFCA-5E0E-43E3-9626-BC344C008136}.Ad-Hoc|Any CPU.Deploy.0 = Ad-Hoc|iPhone
		{681EAFCA-5E0E-43E3-9626-BC344C008136}.Ad-Hoc|ARM.ActiveCfg = Ad-Hoc|iPhone
		{681EAFCA-5E0E-43E3-9626-BC344C008136}.Ad-Hoc|ARM.Build.0 = Ad-Hoc|iPhone
		{681EAFCA-5E0E-43E3-9626-BC344C008136}.Ad-Hoc|ARM.Deploy.0 = Ad-Hoc|iPhone
		{681EAFCA-5E0E-43E3-9626-BC344C008136}.Ad-Hoc|iPhone.ActiveCfg = Ad-Hoc|iPhone
		{681EAFCA-5E0E-43E3-9626-BC344C008136}.Ad-Hoc|iPhone.Build.0 = Ad-Hoc|iPhone
		{681EAFCA-5E0E-43E3-9626-BC344C008136}.Ad-Hoc|iPhone.Deploy.0 = Ad-Hoc|iPhone
		{681EAFCA-5E0E-43E3-9626-BC344C008136}.Ad-Hoc|iPhoneSimulator.ActiveCfg = Ad-Hoc|iPhoneSimulator
		{681EAFCA-5E0E-43E3-9626-BC344C008136}.Ad-Hoc|iPhoneSimulator.Build.0 = Ad-Hoc|iPhoneSimulator
		{681EAFCA-5E0E-43E3-9626-BC344C008136}.Ad-Hoc|iPhoneSimulator.Deploy.0 = Ad-Hoc|iPhoneSimulator
		{681EAFCA-5E0E-43E3-9626-BC344C008136}.Ad-Hoc|x64.ActiveCfg = Ad-Hoc|iPhone
		{681EAFCA-5E0E-43E3-9626-BC344C008136}.Ad-Hoc|x64.Build.0 = Ad-Hoc|iPhone
		{681EAFCA-5E0E-43E3-9626-BC344C008136}.Ad-Hoc|x64.Deploy.0 = Ad-Hoc|iPhone
		{681EAFCA-5E0E-43E3-9626-BC344C008136}.Ad-Hoc|x86.ActiveCfg = Ad-Hoc|iPhone
		{681EAFCA-5E0E-43E3-9626-BC344C008136}.Ad-Hoc|x86.Build.0 = Ad-Hoc|iPhone
		{681EAFCA-5E0E-43E3-9626-BC344C008136}.Ad-Hoc|x86.Deploy.0 = Ad-Hoc|iPhone
		{681EAFCA-5E0E-43E3-9626-BC344C008136}.AppStore|Any CPU.ActiveCfg = AppStore|iPhone
		{681EAFCA-5E0E-43E3-9626-BC344C008136}.AppStore|Any CPU.Build.0 = AppStore|iPhone
		{681EAFCA-5E0E-43E3-9626-BC344C008136}.AppStore|Any CPU.Deploy.0 = AppStore|iPhone
		{681EAFCA-5E0E-43E3-9626-BC344C008136}.AppStore|ARM.ActiveCfg = AppStore|iPhone
		{681EAFCA-5E0E-43E3-9626-BC344C008136}.AppStore|ARM.Build.0 = AppStore|iPhone
		{681EAFCA-5E0E-43E3-9626-BC344C008136}.AppStore|ARM.Deploy.0 = AppStore|iPhone
		{681EAFCA-5E0E-43E3-9626-BC344C008136}.AppStore|iPhone.ActiveCfg = AppStore|iPhone
		{681EAFCA-5E0E-43E3-9626-BC344C008136}.AppStore|iPhone.Build.0 = AppStore|iPhone
		{681EAFCA-5E0E-43E3-9626-BC344C008136}.AppStore|iPhone.Deploy.0 = AppStore|iPhone
		{681EAFCA-5E0E-43E3-9626-BC344C008136}.AppStore|iPhoneSimulator.ActiveCfg = AppStore|iPhoneSimulator
		{681EAFCA-5E0E-43E3-9626-BC344C008136}.AppStore|iPhoneSimulator.Build.0 = AppStore|iPhoneSimulator
		{681EAFCA-5E0E-43E3-9626-BC344C008136}.AppStore|iPhoneSimulator.Deploy.0 = AppStore|iPhoneSimulator
		{681EAFCA-5E0E-43E3-9626-BC344C008136}.AppStore|x64.ActiveCfg = AppStore|iPhone
		{681EAFCA-5E0E-43E3-9626-BC344C008136}.AppStore|x64.Build.0 = AppStore|iPhone
		{681EAFCA-5E0E-43E3-9626-BC344C008136}.AppStore|x64.Deploy.0 = AppStore|iPhone
		{681EAFCA-5E0E-43E3-9626-BC344C008136}.AppStore|x86.ActiveCfg = AppStore|iPhone
		{681EAFCA-5E0E-43E3-9626-BC344C008136}.AppStore|x86.Build.0 = AppStore|iPhone
		{681EAFCA-5E0E-43E3-9626-BC344C008136}.AppStore|x86.Deploy.0 = AppStore|iPhone
		{681EAFCA-5E0E-43E3-9626-BC344C008136}.Debug|Any CPU.ActiveCfg = Debug|iPhoneSimulator
		{681EAFCA-5E0E-43E3-9626-BC344C008136}.Debug|Any CPU.Build.0 = Debug|iPhoneSimulator
		{681EAFCA-5E0E-43E3-9626-BC344C008136}.Debug|Any CPU.Deploy.0 = Debug|iPhoneSimulator
		{681EAFCA-5E0E-43E3-9626-BC344C008136}.Debug|ARM.ActiveCfg = Debug|iPhone
		{681EAFCA-5E0E-43E3-9626-BC344C008136}.Debug|ARM.Build.0 = Debug|iPhone
		{681EAFCA-5E0E-43E3-9626-BC344C008136}.Debug|ARM.Deploy.0 = Debug|iPhone
		{681EAFCA-5E0E-43E3-9626-BC344C008136}.Debug|iPhone.ActiveCfg = Debug|iPhone
		{681EAFCA-5E0E-43E3-9626-BC344C008136}.Debug|iPhone.Build.0 = Debug|iPhone
		{681EAFCA-5E0E-43E3-9626-BC344C008136}.Debug|iPhone.Deploy.0 = Debug|iPhone
		{681EAFCA-5E0E-43E3-9626-BC344C008136}.Debug|iPhoneSimulator.ActiveCfg = Debug|iPhoneSimulator
		{681EAFCA-5E0E-43E3-9626-BC344C008136}.Debug|iPhoneSimulator.Build.0 = Debug|iPhoneSimulator
		{681EAFCA-5E0E-43E3-9626-BC344C008136}.Debug|iPhoneSimulator.Deploy.0 = Debug|iPhoneSimulator
		{681EAFCA-5E0E-43E3-9626-BC344C008136}.Debug|x64.ActiveCfg = Debug|iPhone
		{681EAFCA-5E0E-43E3-9626-BC344C008136}.Debug|x64.Build.0 = Debug|iPhone
		{681EAFCA-5E0E-43E3-9626-BC344C008136}.Debug|x64.Deploy.0 = Debug|iPhone
		{681EAFCA-5E0E-43E3-9626-BC344C008136}.Debug|x86.ActiveCfg = Debug|iPhone
		{681EAFCA-5E0E-43E3-9626-BC344C008136}.Debug|x86.Build.0 = Debug|iPhone
		{681EAFCA-5E0E-43E3-9626-BC344C008136}.Debug|x86.Deploy.0 = Debug|iPhone
		{681EAFCA-5E0E-43E3-9626-BC344C008136}.Release|Any CPU.ActiveCfg = Release|iPhone
		{681EAFCA-5E0E-43E3-9626-BC344C008136}.Release|Any CPU.Build.0 = Release|iPhone
		{681EAFCA-5E0E-43E3-9626-BC344C008136}.Release|Any CPU.Deploy.0 = Release|iPhone
		{681EAFCA-5E0E-43E3-9626-BC344C008136}.Release|ARM.ActiveCfg = Release|iPhone
		{681EAFCA-5E0E-43E3-9626-BC344C008136}.Release|ARM.Build.0 = Release|iPhone
		{681EAFCA-5E0E-43E3-9626-BC344C008136}.Release|ARM.Deploy.0 = Release|iPhone
		{681EAFCA-5E0E-43E3-9626-BC344C008136}.Release|iPhone.ActiveCfg = Release|iPhone
		{681EAFCA-5E0E-43E3-9626-BC344C008136}.Release|iPhone.Build.0 = Release|iPhone
		{681EAFCA-5E0E-43E3-9626-BC344C008136}.Release|iPhone.Deploy.0 = Release|iPhone
		{681EAFCA-5E0E-43E3-9626-BC344C008136}.Release|iPhoneSimulator.ActiveCfg = Release|iPhoneSimulator
		{681EAFCA-5E0E-43E3-9626-BC344C008136}.Release|iPhoneSimulator.Build.0 = Release|iPhoneSimulator
		{681EAFCA-5E0E-43E3-9626-BC344C008136}.Release|iPhoneSimulator.Deploy.0 = Release|iPhoneSimulator
		{681EAFCA-5E0E-43E3-9626-BC344C008136}.Release|x64.ActiveCfg = Release|iPhone
		{681EAFCA-5E0E-43E3-9626-BC344C008136}.Release|x64.Build.0 = Release|iPhone
		{681EAFCA-5E0E-43E3-9626-BC344C008136}.Release|x64.Deploy.0 = Release|iPhone
		{681EAFCA-5E0E-43E3-9626-BC344C008136}.Release|x86.ActiveCfg = Release|iPhone
		{681EAFCA-5E0E-43E3-9626-BC344C008136}.Release|x86.Build.0 = Release|iPhone
		{681EAFCA-5E0E-43E3-9626-BC344C008136}.Release|x86.Deploy.0 = Release|iPhone
		{EA4F1C5E-44FC-42FA-A586-45D5E7BA8FBE}.Ad-Hoc|Any CPU.ActiveCfg = Release|x86
		{EA4F1C5E-44FC-42FA-A586-45D5E7BA8FBE}.Ad-Hoc|Any CPU.Build.0 = Release|x86
		{EA4F1C5E-44FC-42FA-A586-45D5E7BA8FBE}.Ad-Hoc|Any CPU.Deploy.0 = Release|x86
		{EA4F1C5E-44FC-42FA-A586-45D5E7BA8FBE}.Ad-Hoc|ARM.ActiveCfg = Release|ARM
		{EA4F1C5E-44FC-42FA-A586-45D5E7BA8FBE}.Ad-Hoc|ARM.Build.0 = Release|ARM
		{EA4F1C5E-44FC-42FA-A586-45D5E7BA8FBE}.Ad-Hoc|ARM.Deploy.0 = Release|ARM
		{EA4F1C5E-44FC-42FA-A586-45D5E7BA8FBE}.Ad-Hoc|iPhone.ActiveCfg = Release|x86
		{EA4F1C5E-44FC-42FA-A586-45D5E7BA8FBE}.Ad-Hoc|iPhone.Build.0 = Release|x86
		{EA4F1C5E-44FC-42FA-A586-45D5E7BA8FBE}.Ad-Hoc|iPhone.Deploy.0 = Release|x86
		{EA4F1C5E-44FC-42FA-A586-45D5E7BA8FBE}.Ad-Hoc|iPhoneSimulator.ActiveCfg = Release|x86
		{EA4F1C5E-44FC-42FA-A586-45D5E7BA8FBE}.Ad-Hoc|iPhoneSimulator.Build.0 = Release|x86
		{EA4F1C5E-44FC-42FA-A586-45D5E7BA8FBE}.Ad-Hoc|iPhoneSimulator.Deploy.0 = Release|x86
		{EA4F1C5E-44FC-42FA-A586-45D5E7BA8FBE}.Ad-Hoc|x64.ActiveCfg = Release|x64
		{EA4F1C5E-44FC-42FA-A586-45D5E7BA8FBE}.Ad-Hoc|x64.Build.0 = Release|x64
		{EA4F1C5E-44FC-42FA-A586-45D5E7BA8FBE}.Ad-Hoc|x64.Deploy.0 = Release|x64
		{EA4F1C5E-44FC-42FA-A586-45D5E7BA8FBE}.Ad-Hoc|x86.ActiveCfg = Release|x86
		{EA4F1C5E-44FC-42FA-A586-45D5E7BA8FBE}.Ad-Hoc|x86.Build.0 = Release|x86
		{EA4F1C5E-44FC-42FA-A586-45D5E7BA8FBE}.Ad-Hoc|x86.Deploy.0 = Release|x86
		{EA4F1C5E-44FC-42FA-A586-45D5E7BA8FBE}.AppStore|Any CPU.ActiveCfg = Release|x86
		{EA4F1C5E-44FC-42FA-A586-45D5E7BA8FBE}.AppStore|Any CPU.Build.0 = Release|x86
		{EA4F1C5E-44FC-42FA-A586-45D5E7BA8FBE}.AppStore|Any CPU.Deploy.0 = Release|x86
		{EA4F1C5E-44FC-42FA-A586-45D5E7BA8FBE}.AppStore|ARM.ActiveCfg = Release|ARM
		{EA4F1C5E-44FC-42FA-A586-45D5E7BA8FBE}.AppStore|ARM.Build.0 = Release|ARM
		{EA4F1C5E-44FC-42FA-A586-45D5E7BA8FBE}.AppStore|ARM.Deploy.0 = Release|ARM
		{EA4F1C5E-44FC-42FA-A586-45D5E7BA8FBE}.AppStore|iPhone.ActiveCfg = Release|x86
		{EA4F1C5E-44FC-42FA-A586-45D5E7BA8FBE}.AppStore|iPhone.Build.0 = Release|x86
		{EA4F1C5E-44FC-42FA-A586-45D5E7BA8FBE}.AppStore|iPhone.Deploy.0 = Release|x86
		{EA4F1C5E-44FC-42FA-A586-45D5E7BA8FBE}.AppStore|iPhoneSimulator.ActiveCfg = Release|x86
		{EA4F1C5E-44FC-42FA-A586-45D5E7BA8FBE}.AppStore|iPhoneSimulator.Build.0 = Release|x86
		{EA4F1C5E-44FC-42FA-A586-45D5E7BA8FBE}.AppStore|iPhoneSimulator.Deploy.0 = Release|x86
		{EA4F1C5E-44FC-42FA-A586-45D5E7BA8FBE}.AppStore|x64.ActiveCfg = Release|x64
		{EA4F1C5E-44FC-42FA-A586-45D5E7BA8FBE}.AppStore|x64.Build.0 = Release|x64
		{EA4F1C5E-44FC-42FA-A586-45D5E7BA8FBE}.AppStore|x64.Deploy.0 = Release|x64
		{EA4F1C5E-44FC-42FA-A586-45D5E7BA8FBE}.AppStore|x86.ActiveCfg = Release|x86
		{EA4F1C5E-44FC-42FA-A586-45D5E7BA8FBE}.AppStore|x86.Build.0 = Release|x86
		{EA4F1C5E-44FC-42FA-A586-45D5E7BA8FBE}.AppStore|x86.Deploy.0 = Release|x86
		{EA4F1C5E-44FC-42FA-A586-45D5E7BA8FBE}.Debug|Any CPU.ActiveCfg = Debug|x86
		{EA4F1C5E-44FC-42FA-A586-45D5E7BA8FBE}.Debug|Any CPU.Build.0 = Debug|x86
		{EA4F1C5E-44FC-42FA-A586-45D5E7BA8FBE}.Debug|Any CPU.Deploy.0 = Debug|x86
		{EA4F1C5E-44FC-42FA-A586-45D5E7BA8FBE}.Debug|ARM.ActiveCfg = Debug|ARM
		{EA4F1C5E-44FC-42FA-A586-45D5E7BA8FBE}.Debug|ARM.Build.0 = Debug|ARM
		{EA4F1C5E-44FC-42FA-A586-45D5E7BA8FBE}.Debug|ARM.Deploy.0 = Debug|ARM
		{EA4F1C5E-44FC-42FA-A586-45D5E7BA8FBE}.Debug|iPhone.ActiveCfg = Debug|x86
		{EA4F1C5E-44FC-42FA-A586-45D5E7BA8FBE}.Debug|iPhone.Build.0 = Debug|x86
		{EA4F1C5E-44FC-42FA-A586-45D5E7BA8FBE}.Debug|iPhone.Deploy.0 = Debug|x86
		{EA4F1C5E-44FC-42FA-A586-45D5E7BA8FBE}.Debug|iPhoneSimulator.ActiveCfg = Debug|x86
		{EA4F1C5E-44FC-42FA-A586-45D5E7BA8FBE}.Debug|iPhoneSimulator.Build.0 = Debug|x86
		{EA4F1C5E-44FC-42FA-A586-45D5E7BA8FBE}.Debug|iPhoneSimulator.Deploy.0 = Debug|x86
		{EA4F1C5E-44FC-42FA-A586-45D5E7BA8FBE}.Debug|x64.ActiveCfg = Debug|x64
		{EA4F1C5E-44FC-42FA-A586-45D5E7BA8FBE}.Debug|x64.Build.0 = Debug|x64
		{EA4F1C5E-44FC-42FA-A586-45D5E7BA8FBE}.Debug|x64.Deploy.0 = Debug|x64
		{EA4F1C5E-44FC-42FA-A586-45D5E7BA8FBE}.Debug|x86.ActiveCfg = Debug|x86
		{EA4F1C5E-44FC-42FA-A586-45D5E7BA8FBE}.Debug|x86.Build.0 = Debug|x86
		{EA4F1C5E-44FC-42FA-A586-45D5E7BA8FBE}.Debug|x86.Deploy.0 = Debug|x86
		{EA4F1C5E-44FC-42FA-A586-45D5E7BA8FBE}.Release|Any CPU.ActiveCfg = Release|x86
		{EA4F1C5E-44FC-42FA-A586-45D5E7BA8FBE}.Release|Any CPU.Build.0 = Release|x86
		{EA4F1C5E-44FC-42FA-A586-45D5E7BA8FBE}.Release|Any CPU.Deploy.0 = Release|x86
		{EA4F1C5E-44FC-42FA-A586-45D5E7BA8FBE}.Release|ARM.ActiveCfg = Release|ARM
		{EA4F1C5E-44FC-42FA-A586-45D5E7BA8FBE}.Release|ARM.Build.0 = Release|ARM
		{EA4F1C5E-44FC-42FA-A586-45D5E7BA8FBE}.Release|ARM.Deploy.0 = Release|ARM
		{EA4F1C5E-44FC-42FA-A586-45D5E7BA8FBE}.Release|iPhone.ActiveCfg = Release|x86
		{EA4F1C5E-44FC-42FA-A586-45D5E7BA8FBE}.Release|iPhone.Build.0 = Release|x86
		{EA4F1C5E-44FC-42FA-A586-45D5E7BA8FBE}.Release|iPhone.Deploy.0 = Release|x86
		{EA4F1C5E-44FC-42FA-A586-45D5E7BA8FBE}.Release|iPhoneSimulator.ActiveCfg = Release|x86
		{EA4F1C5E-44FC-42FA-A586-45D5E7BA8FBE}.Release|iPhoneSimulator.Build.0 = Release|x86
		{EA4F1C5E-44FC-42FA-A586-45D5E7BA8FBE}.Release|iPhoneSimulator.Deploy.0 = Release|x86
		{EA4F1C5E-44FC-42FA-A586-45D5E7BA8FBE}.Release|x64.ActiveCfg = Release|x64
		{EA4F1C5E-44FC-42FA-A586-45D5E7BA8FBE}.Release|x64.Build.0 = Release|x64
		{EA4F1C5E-44FC-42FA-A586-45D5E7BA8FBE}.Release|x64.Deploy.0 = Release|x64
		{EA4F1C5E-44FC-42FA-A586-45D5E7BA8FBE}.Release|x86.ActiveCfg = Release|x86
		{EA4F1C5E-44FC-42FA-A586-45D5E7BA8FBE}.Release|x86.Build.0 = Release|x86
		{EA4F1C5E-44FC-42FA-A586-45D5E7BA8FBE}.Release|x86.Deploy.0 = Release|x86
		{4B9ECA05-71F8-468C-8E83-34530127EE9C}.Ad-Hoc|Any CPU.ActiveCfg = Debug|Any CPU
		{4B9ECA05-71F8-468C-8E83-34530127EE9C}.Ad-Hoc|Any CPU.Build.0 = Debug|Any CPU
		{4B9ECA05-71F8-468C-8E83-34530127EE9C}.Ad-Hoc|Any CPU.Deploy.0 = Debug|Any CPU
		{4B9ECA05-71F8-468C-8E83-34530127EE9C}.Ad-Hoc|ARM.ActiveCfg = Debug|Any CPU
		{4B9ECA05-71F8-468C-8E83-34530127EE9C}.Ad-Hoc|ARM.Build.0 = Debug|Any CPU
		{4B9ECA05-71F8-468C-8E83-34530127EE9C}.Ad-Hoc|ARM.Deploy.0 = Debug|Any CPU
		{4B9ECA05-71F8-468C-8E83-34530127EE9C}.Ad-Hoc|iPhone.ActiveCfg = Debug|Any CPU
		{4B9ECA05-71F8-468C-8E83-34530127EE9C}.Ad-Hoc|iPhone.Build.0 = Debug|Any CPU
		{4B9ECA05-71F8-468C-8E83-34530127EE9C}.Ad-Hoc|iPhone.Deploy.0 = Debug|Any CPU
		{4B9ECA05-71F8-468C-8E83-34530127EE9C}.Ad-Hoc|iPhoneSimulator.ActiveCfg = Debug|Any CPU
		{4B9ECA05-71F8-468C-8E83-34530127EE9C}.Ad-Hoc|iPhoneSimulator.Build.0 = Debug|Any CPU
		{4B9ECA05-71F8-468C-8E83-34530127EE9C}.Ad-Hoc|iPhoneSimulator.Deploy.0 = Debug|Any CPU
		{4B9ECA05-71F8-468C-8E83-34530127EE9C}.Ad-Hoc|x64.ActiveCfg = Debug|Any CPU
		{4B9ECA05-71F8-468C-8E83-34530127EE9C}.Ad-Hoc|x64.Build.0 = Debug|Any CPU
		{4B9ECA05-71F8-468C-8E83-34530127EE9C}.Ad-Hoc|x64.Deploy.0 = Debug|Any CPU
		{4B9ECA05-71F8-468C-8E83-34530127EE9C}.Ad-Hoc|x86.ActiveCfg = Debug|Any CPU
		{4B9ECA05-71F8-468C-8E83-34530127EE9C}.Ad-Hoc|x86.Build.0 = Debug|Any CPU
		{4B9ECA05-71F8-468C-8E83-34530127EE9C}.Ad-Hoc|x86.Deploy.0 = Debug|Any CPU
		{4B9ECA05-71F8-468C-8E83-34530127EE9C}.AppStore|Any CPU.ActiveCfg = Debug|Any CPU
		{4B9ECA05-71F8-468C-8E83-34530127EE9C}.AppStore|Any CPU.Build.0 = Debug|Any CPU
		{4B9ECA05-71F8-468C-8E83-34530127EE9C}.AppStore|Any CPU.Deploy.0 = Debug|Any CPU
		{4B9ECA05-71F8-468C-8E83-34530127EE9C}.AppStore|ARM.ActiveCfg = Debug|Any CPU
		{4B9ECA05-71F8-468C-8E83-34530127EE9C}.AppStore|ARM.Build.0 = Debug|Any CPU
		{4B9ECA05-71F8-468C-8E83-34530127EE9C}.AppStore|ARM.Deploy.0 = Debug|Any CPU
		{4B9ECA05-71F8-468C-8E83-34530127EE9C}.AppStore|iPhone.ActiveCfg = Debug|Any CPU
		{4B9ECA05-71F8-468C-8E83-34530127EE9C}.AppStore|iPhone.Build.0 = Debug|Any CPU
		{4B9ECA05-71F8-468C-8E83-34530127EE9C}.AppStore|iPhone.Deploy.0 = Debug|Any CPU
		{4B9ECA05-71F8-468C-8E83-34530127EE9C}.AppStore|iPhoneSimulator.ActiveCfg = Debug|Any CPU
		{4B9ECA05-71F8-468C-8E83-34530127EE9C}.AppStore|iPhoneSimulator.Build.0 = Debug|Any CPU
		{4B9ECA05-71F8-468C-8E83-34530127EE9C}.AppStore|iPhoneSimulator.Deploy.0 = Debug|Any CPU
		{4B9ECA05-71F8-468C-8E83-34530127EE9C}.AppStore|x64.ActiveCfg = Debug|Any CPU
		{4B9ECA05-71F8-468C-8E83-34530127EE9C}.AppStore|x64.Build.0 = Debug|Any CPU
		{4B9ECA05-71F8-468C-8E83-34530127EE9C}.AppStore|x64.Deploy.0 = Debug|Any CPU
		{4B9ECA05-71F8-468C-8E83-34530127EE9C}.AppStore|x86.ActiveCfg = Debug|Any CPU
		{4B9ECA05-71F8-468C-8E83-34530127EE9C}.AppStore|x86.Build.0 = Debug|Any CPU
		{4B9ECA05-71F8-468C-8E83-34530127EE9C}.AppStore|x86.Deploy.0 = Debug|Any CPU
		{4B9ECA05-71F8-468C-8E83-34530127EE9C}.Debug|Any CPU.ActiveCfg = Debug|Any CPU
		{4B9ECA05-71F8-468C-8E83-34530127EE9C}.Debug|Any CPU.Build.0 = Debug|Any CPU
		{4B9ECA05-71F8-468C-8E83-34530127EE9C}.Debug|Any CPU.Deploy.0 = Debug|Any CPU
		{4B9ECA05-71F8-468C-8E83-34530127EE9C}.Debug|ARM.ActiveCfg = Debug|Any CPU
		{4B9ECA05-71F8-468C-8E83-34530127EE9C}.Debug|ARM.Build.0 = Debug|Any CPU
		{4B9ECA05-71F8-468C-8E83-34530127EE9C}.Debug|ARM.Deploy.0 = Debug|Any CPU
		{4B9ECA05-71F8-468C-8E83-34530127EE9C}.Debug|iPhone.ActiveCfg = Debug|Any CPU
		{4B9ECA05-71F8-468C-8E83-34530127EE9C}.Debug|iPhone.Build.0 = Debug|Any CPU
		{4B9ECA05-71F8-468C-8E83-34530127EE9C}.Debug|iPhone.Deploy.0 = Debug|Any CPU
		{4B9ECA05-71F8-468C-8E83-34530127EE9C}.Debug|iPhoneSimulator.ActiveCfg = Debug|Any CPU
		{4B9ECA05-71F8-468C-8E83-34530127EE9C}.Debug|iPhoneSimulator.Build.0 = Debug|Any CPU
		{4B9ECA05-71F8-468C-8E83-34530127EE9C}.Debug|iPhoneSimulator.Deploy.0 = Debug|Any CPU
		{4B9ECA05-71F8-468C-8E83-34530127EE9C}.Debug|x64.ActiveCfg = Debug|Any CPU
		{4B9ECA05-71F8-468C-8E83-34530127EE9C}.Debug|x64.Build.0 = Debug|Any CPU
		{4B9ECA05-71F8-468C-8E83-34530127EE9C}.Debug|x64.Deploy.0 = Debug|Any CPU
		{4B9ECA05-71F8-468C-8E83-34530127EE9C}.Debug|x86.ActiveCfg = Debug|Any CPU
		{4B9ECA05-71F8-468C-8E83-34530127EE9C}.Debug|x86.Build.0 = Debug|Any CPU
		{4B9ECA05-71F8-468C-8E83-34530127EE9C}.Debug|x86.Deploy.0 = Debug|Any CPU
		{4B9ECA05-71F8-468C-8E83-34530127EE9C}.Release|Any CPU.ActiveCfg = Release|Any CPU
		{4B9ECA05-71F8-468C-8E83-34530127EE9C}.Release|Any CPU.Build.0 = Release|Any CPU
		{4B9ECA05-71F8-468C-8E83-34530127EE9C}.Release|Any CPU.Deploy.0 = Release|Any CPU
		{4B9ECA05-71F8-468C-8E83-34530127EE9C}.Release|ARM.ActiveCfg = Release|Any CPU
		{4B9ECA05-71F8-468C-8E83-34530127EE9C}.Release|ARM.Build.0 = Release|Any CPU
		{4B9ECA05-71F8-468C-8E83-34530127EE9C}.Release|ARM.Deploy.0 = Release|Any CPU
		{4B9ECA05-71F8-468C-8E83-34530127EE9C}.Release|iPhone.ActiveCfg = Release|Any CPU
		{4B9ECA05-71F8-468C-8E83-34530127EE9C}.Release|iPhone.Build.0 = Release|Any CPU
		{4B9ECA05-71F8-468C-8E83-34530127EE9C}.Release|iPhone.Deploy.0 = Release|Any CPU
		{4B9ECA05-71F8-468C-8E83-34530127EE9C}.Release|iPhoneSimulator.ActiveCfg = Release|Any CPU
		{4B9ECA05-71F8-468C-8E83-34530127EE9C}.Release|iPhoneSimulator.Build.0 = Release|Any CPU
		{4B9ECA05-71F8-468C-8E83-34530127EE9C}.Release|iPhoneSimulator.Deploy.0 = Release|Any CPU
		{4B9ECA05-71F8-468C-8E83-34530127EE9C}.Release|x64.ActiveCfg = Release|Any CPU
		{4B9ECA05-71F8-468C-8E83-34530127EE9C}.Release|x64.Build.0 = Release|Any CPU
		{4B9ECA05-71F8-468C-8E83-34530127EE9C}.Release|x64.Deploy.0 = Release|Any CPU
		{4B9ECA05-71F8-468C-8E83-34530127EE9C}.Release|x86.ActiveCfg = Release|Any CPU
		{4B9ECA05-71F8-468C-8E83-34530127EE9C}.Release|x86.Build.0 = Release|Any CPU
		{4B9ECA05-71F8-468C-8E83-34530127EE9C}.Release|x86.Deploy.0 = Release|Any CPU
	EndGlobalSection
	GlobalSection(SolutionProperties) = preSolution
		HideSolutionNode = FALSE
	EndGlobalSection
	GlobalSection(ExtensibilityGlobals) = postSolution
		SolutionGuid = {3C756681-EF87-4E09-A561-252C3335A2E7}
	EndGlobalSection
EndGlobal
